
Microsoft Visual Studio Solution File, Format Version 12.00
# Visual Studio Version 16
VisualStudioVersion = 16.0.31410.357
MinimumVisualStudioVersion = 10.0.40219.1
Project("{FAE04EC0-301F-11D3-BF4B-00C04F79EFBC}") = "tic-tac-toe", "tic-tac-toe.csproj", "{B78417EC-9CEF-46C9-96D2-FBDFDB11FCBD}"
EndProject
Global
	GlobalSection(SolutionConfigurationPlatforms) = preSolution
		Debug|Any CPU = Debug|Any CPU
		Release|Any CPU = Release|Any CPU
	EndGlobalSection
	GlobalSection(ProjectConfigurationPlatforms) = postSolution
		{B78417EC-9CEF-46C9-96D2-FBDFDB11FCBD}.Debug|Any CPU.ActiveCfg = Debug|Any CPU
		{B78417EC-9CEF-46C9-96D2-FBDFDB11FCBD}.Debug|Any CPU.Build.0 = Debug|Any CPU
		{B78417EC-9CEF-46C9-96D2-FBDFDB11FCBD}.Release|Any CPU.ActiveCfg = Release|Any CPU
		{B78417EC-9CEF-46C9-96D2-FBDFDB11FCBD}.Release|Any CPU.Build.0 = Release|Any CPU
	EndGlobalSection
	GlobalSection(SolutionProperties) = preSolution
		HideSolutionNode = FALSE
	EndGlobalSection
	GlobalSection(ExtensibilityGlobals) = postSolution
		SolutionGuid = {CB35F369-8D45-480D-BFB1-C2323F0F47E3}
	EndGlobalSection
EndGlobal
